
Microsoft Visual Studio Solution File, Format Version 12.00
# Visual Studio Version 17
VisualStudioVersion = 17.0.31903.59
MinimumVisualStudioVersion = 10.0.40219.1
Project("{FAE04EC0-301F-11D3-BF4B-00C04F79EFBC}") = "StockMS", "StockMS\StockMS.csproj", "{CF4CA7A4-FD77-4578-94DA-C465960675CA}"
EndProject
Global
	GlobalSection(SolutionConfigurationPlatforms) = preSolution
		Debug|Any CPU = Debug|Any CPU
		Release|Any CPU = Release|Any CPU
	EndGlobalSection
	GlobalSection(ProjectConfigurationPlatforms) = postSolution
		{CF4CA7A4-FD77-4578-94DA-C465960675CA}.Debug|Any CPU.ActiveCfg = Debug|Any CPU
		{CF4CA7A4-FD77-4578-94DA-C465960675CA}.Debug|Any CPU.Build.0 = Debug|Any CPU
		{CF4CA7A4-FD77-4578-94DA-C465960675CA}.Release|Any CPU.ActiveCfg = Release|Any CPU
		{CF4CA7A4-FD77-4578-94DA-C465960675CA}.Release|Any CPU.Build.0 = Release|Any CPU
	EndGlobalSection
	GlobalSection(SolutionProperties) = preSolution
		HideSolutionNode = FALSE
	EndGlobalSection
	GlobalSection(ExtensibilityGlobals) = postSolution
		SolutionGuid = {034A2AE6-6F71-4458-A35F-62DF9F1A5465}
	EndGlobalSection
EndGlobal
